
Microsoft Visual Studio Solution File, Format Version 12.00
# Visual Studio Version 16
VisualStudioVersion = 16.0.30517.126
MinimumVisualStudioVersion = 10.0.40219.1
Project("{FAE04EC0-301F-11D3-BF4B-00C04F79EFBC}") = "CabInvoiceGenerator", "CabInvoiceGenerator\CabInvoiceGenerator.csproj", "{C145605A-2962-4AE3-9313-9897786A4797}"
EndProject
Project("{FAE04EC0-301F-11D3-BF4B-00C04F79EFBC}") = "CabInvoiceGeneratorTest", "CabInvoiceGeneratorTest\CabInvoiceGeneratorTest.csproj", "{5AAF5308-8D46-4C35-82A6-61CFAD815AC7}"
EndProject
Global
	GlobalSection(SolutionConfigurationPlatforms) = preSolution
		Debug|Any CPU = Debug|Any CPU
		Release|Any CPU = Release|Any CPU
	EndGlobalSection
	GlobalSection(ProjectConfigurationPlatforms) = postSolution
		{C145605A-2962-4AE3-9313-9897786A4797}.Debug|Any CPU.ActiveCfg = Debug|Any CPU
		{C145605A-2962-4AE3-9313-9897786A4797}.Debug|Any CPU.Build.0 = Debug|Any CPU
		{C145605A-2962-4AE3-9313-9897786A4797}.Release|Any CPU.ActiveCfg = Release|Any CPU
		{C145605A-2962-4AE3-9313-9897786A4797}.Release|Any CPU.Build.0 = Release|Any CPU
		{5AAF5308-8D46-4C35-82A6-61CFAD815AC7}.Debug|Any CPU.ActiveCfg = Debug|Any CPU
		{5AAF5308-8D46-4C35-82A6-61CFAD815AC7}.Debug|Any CPU.Build.0 = Debug|Any CPU
		{5AAF5308-8D46-4C35-82A6-61CFAD815AC7}.Release|Any CPU.ActiveCfg = Release|Any CPU
		{5AAF5308-8D46-4C35-82A6-61CFAD815AC7}.Release|Any CPU.Build.0 = Release|Any CPU
	EndGlobalSection
	GlobalSection(SolutionProperties) = preSolution
		HideSolutionNode = FALSE
	EndGlobalSection
	GlobalSection(ExtensibilityGlobals) = postSolution
		SolutionGuid = {045786CB-C101-45AA-904C-AC663B58C639}
	EndGlobalSection
EndGlobal
